
Microsoft Visual Studio Solution File, Format Version 12.00
# Visual Studio Version 17
VisualStudioVersion = 17.10.34916.146
MinimumVisualStudioVersion = 10.0.40219.1
Project("{2150E333-8FDC-42A3-9474-1A3956D46DE8}") = "Services", "Services", "{C1044824-F192-4EEF-AB3B-3ECA28635089}"
EndProject
Project("{2150E333-8FDC-42A3-9474-1A3956D46DE8}") = "Catalog", "Catalog", "{63AEC912-4188-4905-8D41-4048808354FC}"
EndProject
Project("{9A19103F-16F7-4668-BE54-9A1E7A4F7556}") = "Catalog.API", "Services\Catalog\Catalog.API\Catalog.API.csproj", "{F086024A-F07D-43D1-8763-7F4218E020E8}"
EndProject
Project("{2150E333-8FDC-42A3-9474-1A3956D46DE8}") = "BuildingBlocks", "BuildingBlocks", "{B28DC10B-93E5-44C7-B202-DEADD9918A47}"
EndProject
Project("{9A19103F-16F7-4668-BE54-9A1E7A4F7556}") = "BuildingBlocks", "BuildingBlocks\BuildingBlocks\BuildingBlocks.csproj", "{7719087E-B855-4093-8F23-F8AEAC154D00}"
EndProject
Project("{E53339B2-1760-4266-BCC7-CA923CBCF16C}") = "docker-compose", "docker-compose.dcproj", "{743666CC-5BF5-4518-AA03-A831D9F2CE23}"
EndProject
Project("{2150E333-8FDC-42A3-9474-1A3956D46DE8}") = "Basket", "Basket", "{02EA681E-C7D8-13C7-8484-4AC65E1B71E8}"
EndProject
Project("{FAE04EC0-301F-11D3-BF4B-00C04F79EFBC}") = "Basket.API", "Services\Basket\Basket.API\Basket.API.csproj", "{48F8F75B-B424-4A36-BF2B-69965FD46005}"
EndProject
Project("{2150E333-8FDC-42A3-9474-1A3956D46DE8}") = "Discount", "Discount", "{3538EA17-9660-4906-ADC7-69142B68D260}"
EndProject
Project("{FAE04EC0-301F-11D3-BF4B-00C04F79EFBC}") = "Discount.Grpc", "Services\Discount\Discount.Grpc\Discount.Grpc.csproj", "{3657473A-1572-4BC9-B50C-F35BD7BA4F70}"
EndProject
Project("{2150E333-8FDC-42A3-9474-1A3956D46DE8}") = "Ordering", "Ordering", "{B0FD9D67-F9CD-4803-A4BE-D40DC7F516F1}"
EndProject
Project("{FAE04EC0-301F-11D3-BF4B-00C04F79EFBC}") = "Ordering.API", "Services\Ordering\Ordering.API\Ordering.API.csproj", "{DEA70F26-A1BB-4E43-AD31-187964A2037C}"
EndProject
Project("{FAE04EC0-301F-11D3-BF4B-00C04F79EFBC}") = "Ordering.Domian", "Services\Ordering\Ordering.Domian\Ordering.Domian.csproj", "{55DDF8DD-D8FD-41FA-86A7-89C0D7A759FD}"
EndProject
Project("{FAE04EC0-301F-11D3-BF4B-00C04F79EFBC}") = "Ordering.Application", "Services\Ordering\Ordering.Application\Ordering.Application.csproj", "{CC26EA85-332E-4217-BD56-D5117465836C}"
EndProject
Project("{FAE04EC0-301F-11D3-BF4B-00C04F79EFBC}") = "Ordering.Infrastructure", "Services\Ordering\Ordering.Infrastructure\Ordering.Infrastructure.csproj", "{0D129B2B-E198-4977-84AE-87E901613BA6}"
EndProject
Global
	GlobalSection(SolutionConfigurationPlatforms) = preSolution
		Debug|Any CPU = Debug|Any CPU
		Release|Any CPU = Release|Any CPU
	EndGlobalSection
	GlobalSection(ProjectConfigurationPlatforms) = postSolution
		{F086024A-F07D-43D1-8763-7F4218E020E8}.Debug|Any CPU.ActiveCfg = Debug|Any CPU
		{F086024A-F07D-43D1-8763-7F4218E020E8}.Debug|Any CPU.Build.0 = Debug|Any CPU
		{F086024A-F07D-43D1-8763-7F4218E020E8}.Release|Any CPU.ActiveCfg = Release|Any CPU
		{F086024A-F07D-43D1-8763-7F4218E020E8}.Release|Any CPU.Build.0 = Release|Any CPU
		{7719087E-B855-4093-8F23-F8AEAC154D00}.Debug|Any CPU.ActiveCfg = Debug|Any CPU
		{7719087E-B855-4093-8F23-F8AEAC154D00}.Debug|Any CPU.Build.0 = Debug|Any CPU
		{7719087E-B855-4093-8F23-F8AEAC154D00}.Release|Any CPU.ActiveCfg = Release|Any CPU
		{7719087E-B855-4093-8F23-F8AEAC154D00}.Release|Any CPU.Build.0 = Release|Any CPU
		{743666CC-5BF5-4518-AA03-A831D9F2CE23}.Debug|Any CPU.ActiveCfg = Debug|Any CPU
		{743666CC-5BF5-4518-AA03-A831D9F2CE23}.Debug|Any CPU.Build.0 = Debug|Any CPU
		{743666CC-5BF5-4518-AA03-A831D9F2CE23}.Release|Any CPU.ActiveCfg = Release|Any CPU
		{743666CC-5BF5-4518-AA03-A831D9F2CE23}.Release|Any CPU.Build.0 = Release|Any CPU
		{48F8F75B-B424-4A36-BF2B-69965FD46005}.Debug|Any CPU.ActiveCfg = Debug|Any CPU
		{48F8F75B-B424-4A36-BF2B-69965FD46005}.Debug|Any CPU.Build.0 = Debug|Any CPU
		{48F8F75B-B424-4A36-BF2B-69965FD46005}.Release|Any CPU.ActiveCfg = Release|Any CPU
		{48F8F75B-B424-4A36-BF2B-69965FD46005}.Release|Any CPU.Build.0 = Release|Any CPU
		{3657473A-1572-4BC9-B50C-F35BD7BA4F70}.Debug|Any CPU.ActiveCfg = Debug|Any CPU
		{3657473A-1572-4BC9-B50C-F35BD7BA4F70}.Debug|Any CPU.Build.0 = Debug|Any CPU
		{3657473A-1572-4BC9-B50C-F35BD7BA4F70}.Release|Any CPU.ActiveCfg = Release|Any CPU
		{3657473A-1572-4BC9-B50C-F35BD7BA4F70}.Release|Any CPU.Build.0 = Release|Any CPU
		{DEA70F26-A1BB-4E43-AD31-187964A2037C}.Debug|Any CPU.ActiveCfg = Debug|Any CPU
		{DEA70F26-A1BB-4E43-AD31-187964A2037C}.Debug|Any CPU.Build.0 = Debug|Any CPU
		{DEA70F26-A1BB-4E43-AD31-187964A2037C}.Release|Any CPU.ActiveCfg = Release|Any CPU
		{DEA70F26-A1BB-4E43-AD31-187964A2037C}.Release|Any CPU.Build.0 = Release|Any CPU
		{55DDF8DD-D8FD-41FA-86A7-89C0D7A759FD}.Debug|Any CPU.ActiveCfg = Debug|Any CPU
		{55DDF8DD-D8FD-41FA-86A7-89C0D7A759FD}.Debug|Any CPU.Build.0 = Debug|Any CPU
		{55DDF8DD-D8FD-41FA-86A7-89C0D7A759FD}.Release|Any CPU.ActiveCfg = Release|Any CPU
		{55DDF8DD-D8FD-41FA-86A7-89C0D7A759FD}.Release|Any CPU.Build.0 = Release|Any CPU
		{CC26EA85-332E-4217-BD56-D5117465836C}.Debug|Any CPU.ActiveCfg = Debug|Any CPU
		{CC26EA85-332E-4217-BD56-D5117465836C}.Debug|Any CPU.Build.0 = Debug|Any CPU
		{CC26EA85-332E-4217-BD56-D5117465836C}.Release|Any CPU.ActiveCfg = Release|Any CPU
		{CC26EA85-332E-4217-BD56-D5117465836C}.Release|Any CPU.Build.0 = Release|Any CPU
		{0D129B2B-E198-4977-84AE-87E901613BA6}.Debug|Any CPU.ActiveCfg = Debug|Any CPU
		{0D129B2B-E198-4977-84AE-87E901613BA6}.Debug|Any CPU.Build.0 = Debug|Any CPU
		{0D129B2B-E198-4977-84AE-87E901613BA6}.Release|Any CPU.ActiveCfg = Release|Any CPU
		{0D129B2B-E198-4977-84AE-87E901613BA6}.Release|Any CPU.Build.0 = Release|Any CPU
	EndGlobalSection
	GlobalSection(SolutionProperties) = preSolution
		HideSolutionNode = FALSE
	EndGlobalSection
	GlobalSection(NestedProjects) = preSolution
		{63AEC912-4188-4905-8D41-4048808354FC} = {C1044824-F192-4EEF-AB3B-3ECA28635089}
		{F086024A-F07D-43D1-8763-7F4218E020E8} = {63AEC912-4188-4905-8D41-4048808354FC}
		{7719087E-B855-4093-8F23-F8AEAC154D00} = {B28DC10B-93E5-44C7-B202-DEADD9918A47}
		{02EA681E-C7D8-13C7-8484-4AC65E1B71E8} = {C1044824-F192-4EEF-AB3B-3ECA28635089}
		{48F8F75B-B424-4A36-BF2B-69965FD46005} = {02EA681E-C7D8-13C7-8484-4AC65E1B71E8}
		{3538EA17-9660-4906-ADC7-69142B68D260} = {C1044824-F192-4EEF-AB3B-3ECA28635089}
		{3657473A-1572-4BC9-B50C-F35BD7BA4F70} = {3538EA17-9660-4906-ADC7-69142B68D260}
		{B0FD9D67-F9CD-4803-A4BE-D40DC7F516F1} = {C1044824-F192-4EEF-AB3B-3ECA28635089}
		{DEA70F26-A1BB-4E43-AD31-187964A2037C} = {B0FD9D67-F9CD-4803-A4BE-D40DC7F516F1}
		{55DDF8DD-D8FD-41FA-86A7-89C0D7A759FD} = {B0FD9D67-F9CD-4803-A4BE-D40DC7F516F1}
		{CC26EA85-332E-4217-BD56-D5117465836C} = {B0FD9D67-F9CD-4803-A4BE-D40DC7F516F1}
		{0D129B2B-E198-4977-84AE-87E901613BA6} = {B0FD9D67-F9CD-4803-A4BE-D40DC7F516F1}
	EndGlobalSection
	GlobalSection(ExtensibilityGlobals) = postSolution
		SolutionGuid = {6AB5C3D1-BDD5-4635-8BD3-4DB622441E61}
	EndGlobalSection
EndGlobal
